
Microsoft Visual Studio Solution File, Format Version 12.00
# Visual Studio Version 17
VisualStudioVersion = 17.0.31903.59
MinimumVisualStudioVersion = 10.0.40219.1
Project("{2150E333-8FDC-42A3-9474-1A3956D46DE8}") = "src", "src", "{A7D45148-6B1B-49F0-B326-74D414FE6A5A}"
EndProject
Project("{FAE04EC0-301F-11D3-BF4B-00C04F79EFBC}") = "MySocialSelf.API", "src\MySocialSelf.API\MySocialSelf.API.csproj", "{AFA6F4BB-C1A2-46D6-8CE5-A9112137E4E1}"
EndProject
Project("{2150E333-8FDC-42A3-9474-1A3956D46DE8}") = "tests", "tests", "{A3B1C528-A729-4510-A0B8-5AC0650EE294}"
EndProject
Project("{FAE04EC0-301F-11D3-BF4B-00C04F79EFBC}") = "MySocialSelf.Tests", "tests\MySocialSelf.Tests\MySocialSelf.Tests.csproj", "{2A4C653D-37DB-4D63-BC07-A1B520D367A0}"
EndProject
Global
	GlobalSection(SolutionConfigurationPlatforms) = preSolution
		Debug|Any CPU = Debug|Any CPU
		Release|Any CPU = Release|Any CPU
	EndGlobalSection
	GlobalSection(SolutionProperties) = preSolution
		HideSolutionNode = FALSE
	EndGlobalSection
	GlobalSection(ProjectConfigurationPlatforms) = postSolution
		{AFA6F4BB-C1A2-46D6-8CE5-A9112137E4E1}.Debug|Any CPU.ActiveCfg = Debug|Any CPU
		{AFA6F4BB-C1A2-46D6-8CE5-A9112137E4E1}.Debug|Any CPU.Build.0 = Debug|Any CPU
		{AFA6F4BB-C1A2-46D6-8CE5-A9112137E4E1}.Release|Any CPU.ActiveCfg = Release|Any CPU
		{AFA6F4BB-C1A2-46D6-8CE5-A9112137E4E1}.Release|Any CPU.Build.0 = Release|Any CPU
		{2A4C653D-37DB-4D63-BC07-A1B520D367A0}.Debug|Any CPU.ActiveCfg = Debug|Any CPU
		{2A4C653D-37DB-4D63-BC07-A1B520D367A0}.Debug|Any CPU.Build.0 = Debug|Any CPU
		{2A4C653D-37DB-4D63-BC07-A1B520D367A0}.Release|Any CPU.ActiveCfg = Release|Any CPU
		{2A4C653D-37DB-4D63-BC07-A1B520D367A0}.Release|Any CPU.Build.0 = Release|Any CPU
	EndGlobalSection
	GlobalSection(NestedProjects) = preSolution
		{AFA6F4BB-C1A2-46D6-8CE5-A9112137E4E1} = {A7D45148-6B1B-49F0-B326-74D414FE6A5A}
		{2A4C653D-37DB-4D63-BC07-A1B520D367A0} = {A3B1C528-A729-4510-A0B8-5AC0650EE294}
	EndGlobalSection
EndGlobal
